
Microsoft Visual Studio Solution File, Format Version 12.00
# Visual Studio 15
VisualStudioVersion = 15.0.28307.1082
MinimumVisualStudioVersion = 10.0.40219.1
Project("{888888A0-9F3D-457C-B088-3A5042F75D52}") = "PythonApplication1", "PythonApplication1\PythonApplication1.pyproj", "{D435FEDD-F9BB-4DA6-AD61-337F5A8C6C18}"
EndProject
Project("{888888A0-9F3D-457C-B088-3A5042F75D52}") = "PythonApplication2", "PythonApplication2\PythonApplication2.pyproj", "{100A8E3C-17D4-46ED-9EAA-1F5B845A70EA}"
EndProject
Project("{888888A0-9F3D-457C-B088-3A5042F75D52}") = "PythonApplication3", "PythonApplication3\PythonApplication3.pyproj", "{050CAEAA-78B2-4133-A055-AEFD7777BA9E}"
EndProject
Global
	GlobalSection(SolutionConfigurationPlatforms) = preSolution
		Debug|Any CPU = Debug|Any CPU
		Release|Any CPU = Release|Any CPU
	EndGlobalSection
	GlobalSection(ProjectConfigurationPlatforms) = postSolution
		{D435FEDD-F9BB-4DA6-AD61-337F5A8C6C18}.Debug|Any CPU.ActiveCfg = Debug|Any CPU
		{D435FEDD-F9BB-4DA6-AD61-337F5A8C6C18}.Release|Any CPU.ActiveCfg = Release|Any CPU
		{100A8E3C-17D4-46ED-9EAA-1F5B845A70EA}.Debug|Any CPU.ActiveCfg = Debug|Any CPU
		{100A8E3C-17D4-46ED-9EAA-1F5B845A70EA}.Release|Any CPU.ActiveCfg = Release|Any CPU
		{050CAEAA-78B2-4133-A055-AEFD7777BA9E}.Debug|Any CPU.ActiveCfg = Debug|Any CPU
		{050CAEAA-78B2-4133-A055-AEFD7777BA9E}.Release|Any CPU.ActiveCfg = Release|Any CPU
	EndGlobalSection
	GlobalSection(SolutionProperties) = preSolution
		HideSolutionNode = FALSE
	EndGlobalSection
	GlobalSection(ExtensibilityGlobals) = postSolution
		SolutionGuid = {A046AAC9-7636-4BA5-9E11-F0C1FB65112D}
	EndGlobalSection
EndGlobal
